
Microsoft Visual Studio Solution File, Format Version 11.00
# Visual Studio 2010
Project("{8BC9CEB8-8B4A-11D0-8D11-00A0C91BC942}") = "BackgroundMode", "BackgroundMode.vcxproj", "{FE3D933D-05C2-4625-B8F8-A91A38BB1613}"
EndProject
Global
	GlobalSection(SolutionConfigurationPlatforms) = preSolution
		Debug|Win32 = Debug|Win32
		Release|Win32 = Release|Win32
	EndGlobalSection
	GlobalSection(ProjectConfigurationPlatforms) = postSolution
		{FE3D933D-05C2-4625-B8F8-A91A38BB1613}.Debug|Win32.ActiveCfg = Debug|Win32
		{FE3D933D-05C2-4625-B8F8-A91A38BB1613}.Debug|Win32.Build.0 = Debug|Win32
		{FE3D933D-05C2-4625-B8F8-A91A38BB1613}.Release|Win32.ActiveCfg = Release|Win32
		{FE3D933D-05C2-4625-B8F8-A91A38BB1613}.Release|Win32.Build.0 = Release|Win32
	EndGlobalSection
	GlobalSection(SolutionProperties) = preSolution
		HideSolutionNode = FALSE
	EndGlobalSection
EndGlobal
